
Microsoft Visual Studio Solution File, Format Version 12.00
# Visual Studio Version 17
VisualStudioVersion = 17.0.31903.59
MinimumVisualStudioVersion = 10.0.40219.1
Project("{FAE04EC0-301F-11D3-BF4B-00C04F79EFBC}") = "Nour.Domain", "Nour.Domain\Nour.Domain.csproj", "{1E0830DC-274F-4CE2-A872-1F5B59649DA8}"
EndProject
Project("{FAE04EC0-301F-11D3-BF4B-00C04F79EFBC}") = "Nour.Application", "Nour.Application\Nour.Application.csproj", "{FEB2F3E4-0B88-4D20-B146-5464F802DFCC}"
EndProject
Project("{FAE04EC0-301F-11D3-BF4B-00C04F79EFBC}") = "Nour.Infrastructure", "Nour.Infrastructure\Nour.Infrastructure.csproj", "{41DBC5A4-0763-44D0-8342-8E20E71E91B7}"
EndProject
Project("{FAE04EC0-301F-11D3-BF4B-00C04F79EFBC}") = "Nour.Api", "Nour.Api\Nour.Api.csproj", "{A7E61107-8130-4F6E-9C91-3DE0B4E3D76D}"
EndProject
Project("{FAE04EC0-301F-11D3-BF4B-00C04F79EFBC}") = "Nour.Tests", "Nour.Tests\Nour.Tests.csproj", "{B1572866-DC36-4108-A8F0-B18811C62931}"
EndProject
Global
	GlobalSection(SolutionConfigurationPlatforms) = preSolution
		Debug|Any CPU = Debug|Any CPU
		Release|Any CPU = Release|Any CPU
	EndGlobalSection
	GlobalSection(SolutionProperties) = preSolution
		HideSolutionNode = FALSE
	EndGlobalSection
	GlobalSection(ProjectConfigurationPlatforms) = postSolution
		{1E0830DC-274F-4CE2-A872-1F5B59649DA8}.Debug|Any CPU.ActiveCfg = Debug|Any CPU
		{1E0830DC-274F-4CE2-A872-1F5B59649DA8}.Debug|Any CPU.Build.0 = Debug|Any CPU
		{1E0830DC-274F-4CE2-A872-1F5B59649DA8}.Release|Any CPU.ActiveCfg = Release|Any CPU
		{1E0830DC-274F-4CE2-A872-1F5B59649DA8}.Release|Any CPU.Build.0 = Release|Any CPU
		{FEB2F3E4-0B88-4D20-B146-5464F802DFCC}.Debug|Any CPU.ActiveCfg = Debug|Any CPU
		{FEB2F3E4-0B88-4D20-B146-5464F802DFCC}.Debug|Any CPU.Build.0 = Debug|Any CPU
		{FEB2F3E4-0B88-4D20-B146-5464F802DFCC}.Release|Any CPU.ActiveCfg = Release|Any CPU
		{FEB2F3E4-0B88-4D20-B146-5464F802DFCC}.Release|Any CPU.Build.0 = Release|Any CPU
		{41DBC5A4-0763-44D0-8342-8E20E71E91B7}.Debug|Any CPU.ActiveCfg = Debug|Any CPU
		{41DBC5A4-0763-44D0-8342-8E20E71E91B7}.Debug|Any CPU.Build.0 = Debug|Any CPU
		{41DBC5A4-0763-44D0-8342-8E20E71E91B7}.Release|Any CPU.ActiveCfg = Release|Any CPU
		{41DBC5A4-0763-44D0-8342-8E20E71E91B7}.Release|Any CPU.Build.0 = Release|Any CPU
		{A7E61107-8130-4F6E-9C91-3DE0B4E3D76D}.Debug|Any CPU.ActiveCfg = Debug|Any CPU
		{A7E61107-8130-4F6E-9C91-3DE0B4E3D76D}.Debug|Any CPU.Build.0 = Debug|Any CPU
		{A7E61107-8130-4F6E-9C91-3DE0B4E3D76D}.Release|Any CPU.ActiveCfg = Release|Any CPU
		{A7E61107-8130-4F6E-9C91-3DE0B4E3D76D}.Release|Any CPU.Build.0 = Release|Any CPU
		{B1572866-DC36-4108-A8F0-B18811C62931}.Debug|Any CPU.ActiveCfg = Debug|Any CPU
		{B1572866-DC36-4108-A8F0-B18811C62931}.Debug|Any CPU.Build.0 = Debug|Any CPU
		{B1572866-DC36-4108-A8F0-B18811C62931}.Release|Any CPU.ActiveCfg = Release|Any CPU
		{B1572866-DC36-4108-A8F0-B18811C62931}.Release|Any CPU.Build.0 = Release|Any CPU
	EndGlobalSection
EndGlobal
